
Microsoft Visual Studio Solution File, Format Version 12.00
# Visual Studio Version 17
VisualStudioVersion = 17.6.33815.320
MinimumVisualStudioVersion = 10.0.40219.1
Project("{FAE04EC0-301F-11D3-BF4B-00C04F79EFBC}") = "ProyectoMateDiscreta", "ProyectoMateDiscreta\ProyectoMateDiscreta.csproj", "{28AF925B-0698-4538-B161-0C6E1E9AE54E}"
EndProject
Global
	GlobalSection(SolutionConfigurationPlatforms) = preSolution
		Debug|Any CPU = Debug|Any CPU
		Release|Any CPU = Release|Any CPU
	EndGlobalSection
	GlobalSection(ProjectConfigurationPlatforms) = postSolution
		{28AF925B-0698-4538-B161-0C6E1E9AE54E}.Debug|Any CPU.ActiveCfg = Debug|Any CPU
		{28AF925B-0698-4538-B161-0C6E1E9AE54E}.Debug|Any CPU.Build.0 = Debug|Any CPU
		{28AF925B-0698-4538-B161-0C6E1E9AE54E}.Release|Any CPU.ActiveCfg = Release|Any CPU
		{28AF925B-0698-4538-B161-0C6E1E9AE54E}.Release|Any CPU.Build.0 = Release|Any CPU
	EndGlobalSection
	GlobalSection(SolutionProperties) = preSolution
		HideSolutionNode = FALSE
	EndGlobalSection
	GlobalSection(ExtensibilityGlobals) = postSolution
		SolutionGuid = {8E9FA1E5-049A-4E83-9842-6B06B5C94998}
	EndGlobalSection
EndGlobal
